
Microsoft Visual Studio Solution File, Format Version 12.00
# Visual Studio Version 18
VisualStudioVersion = 18.6.11806.211
MinimumVisualStudioVersion = 10.0.40219.1
Project("{FAE04EC0-301F-11D3-BF4B-00C04F79EFBC}") = "MSS6x Flasher", "MSS6x Flasher\MSS6x Flasher.csproj", "{163F426A-E463-463E-8F64-F0A665DA81D6}"
EndProject
Global
	GlobalSection(SolutionConfigurationPlatforms) = preSolution
		Debug|Any CPU = Debug|Any CPU
		Debug|ARM64 = Debug|ARM64
		Debug|x64 = Debug|x64
		Release|Any CPU = Release|Any CPU
		Release|ARM64 = Release|ARM64
		Release|x64 = Release|x64
	EndGlobalSection
	GlobalSection(ProjectConfigurationPlatforms) = postSolution
		{163F426A-E463-463E-8F64-F0A665DA81D6}.Debug|Any CPU.ActiveCfg = Debug|Any CPU
		{163F426A-E463-463E-8F64-F0A665DA81D6}.Debug|Any CPU.Build.0 = Debug|Any CPU
		{163F426A-E463-463E-8F64-F0A665DA81D6}.Debug|ARM64.ActiveCfg = Debug|ARM64
		{163F426A-E463-463E-8F64-F0A665DA81D6}.Debug|ARM64.Build.0 = Debug|ARM64
		{163F426A-E463-463E-8F64-F0A665DA81D6}.Debug|x64.ActiveCfg = Debug|x64
		{163F426A-E463-463E-8F64-F0A665DA81D6}.Debug|x64.Build.0 = Debug|x64
		{163F426A-E463-463E-8F64-F0A665DA81D6}.Release|Any CPU.ActiveCfg = Release|Any CPU
		{163F426A-E463-463E-8F64-F0A665DA81D6}.Release|Any CPU.Build.0 = Release|Any CPU
		{163F426A-E463-463E-8F64-F0A665DA81D6}.Release|ARM64.ActiveCfg = Release|ARM64
		{163F426A-E463-463E-8F64-F0A665DA81D6}.Release|ARM64.Build.0 = Release|ARM64
		{163F426A-E463-463E-8F64-F0A665DA81D6}.Release|x64.ActiveCfg = Release|x64
		{163F426A-E463-463E-8F64-F0A665DA81D6}.Release|x64.Build.0 = Release|x64
	EndGlobalSection
	GlobalSection(SolutionProperties) = preSolution
		HideSolutionNode = FALSE
	EndGlobalSection
	GlobalSection(ExtensibilityGlobals) = postSolution
		SolutionGuid = {DD466882-8132-488E-A07B-A1E7E6EF2634}
	EndGlobalSection
EndGlobal
